
Microsoft Visual Studio Solution File, Format Version 12.00
# Visual Studio Version 17
VisualStudioVersion = 17.13.35919.96 d17.13
MinimumVisualStudioVersion = 10.0.40219.1
Project("{FAE04EC0-301F-11D3-BF4B-00C04F79EFBC}") = "Práctica 1Creando servicios webs 7", "Práctica 1Creando servicios webs 7\Práctica 1Creando servicios webs 7.csproj", "{7B728825-B4D1-43DC-AAD5-26AC53DD2F06}"
EndProject
Global
	GlobalSection(SolutionConfigurationPlatforms) = preSolution
		Debug|Any CPU = Debug|Any CPU
		Release|Any CPU = Release|Any CPU
	EndGlobalSection
	GlobalSection(ProjectConfigurationPlatforms) = postSolution
		{7B728825-B4D1-43DC-AAD5-26AC53DD2F06}.Debug|Any CPU.ActiveCfg = Debug|Any CPU
		{7B728825-B4D1-43DC-AAD5-26AC53DD2F06}.Debug|Any CPU.Build.0 = Debug|Any CPU
		{7B728825-B4D1-43DC-AAD5-26AC53DD2F06}.Release|Any CPU.ActiveCfg = Release|Any CPU
		{7B728825-B4D1-43DC-AAD5-26AC53DD2F06}.Release|Any CPU.Build.0 = Release|Any CPU
	EndGlobalSection
	GlobalSection(SolutionProperties) = preSolution
		HideSolutionNode = FALSE
	EndGlobalSection
	GlobalSection(ExtensibilityGlobals) = postSolution
		SolutionGuid = {12FACA8E-7E07-4E48-883D-764C33A97A2E}
	EndGlobalSection
EndGlobal
